// !$*UTF8*$!
{
	archiveVersion = 1;
	classes = {
	};
	objectVersion = 55;
	objects = {

/* Begin PBXBuildFile section */
		E685CD2227FE9CF2007AF152 /* AppDelegate.swift in Sources */ = {isa = PBXBuildFile; fileRef = E685CD2127FE9CF2007AF152 /* AppDelegate.swift */; };
		E685CD2427FE9CF3007AF152 /* SceneDelegate.swift in Sources */ = {isa = PBXBuildFile; fileRef = E685CD2327FE9CF3007AF152 /* SceneDelegate.swift */; };
		E685CD2627FE9CF3007AF152 /* ViewController.swift in Sources */ = {isa = PBXBuildFile; fileRef = E685CD2527FE9CF3007AF152 /* ViewController.swift */; };
		E685CD2927FE9CF3007AF152 /* Main.storyboard in Resources */ = {isa = PBXBuildFile; fileRef = E685CD2727FE9CF3007AF152 /* Main.storyboard */; };
		E685CD2C27FE9CF3007AF152 /* practica4.xcdatamodeld in Sources */ = {isa = PBXBuildFile; fileRef = E685CD2A27FE9CF3007AF152 /* practica4.xcdatamodeld */; };
		E685CD2E27FE9CF9007AF152 /* Assets.xcassets in Resources */ = {isa = PBXBuildFile; fileRef = E685CD2D27FE9CF9007AF152 /* Assets.xcassets */; };
		E685CD3127FE9CF9007AF152 /* LaunchScreen.storyboard in Resources */ = {isa = PBXBuildFile; fileRef = E685CD2F27FE9CF9007AF152 /* LaunchScreen.storyboard */; };
		E685CD3927FEA292007AF152 /* DrinksViewController.swift in Sources */ = {isa = PBXBuildFile; fileRef = E685CD3827FEA292007AF152 /* DrinksViewController.swift */; };
		E685CD3B27FEA2D6007AF152 /* Drinks.plist in Resources */ = {isa = PBXBuildFile; fileRef = E685CD3A27FEA2D6007AF152 /* Drinks.plist */; };
		E685CD3E27FEAA47007AF152 /* DrinksBD+CoreDataClass.swift in Sources */ = {isa = PBXBuildFile; fileRef = E685CD3C27FEAA47007AF152 /* DrinksBD+CoreDataClass.swift */; };
		E685CD3F27FEAA47007AF152 /* DrinksBD+CoreDataProperties.swift in Sources */ = {isa = PBXBuildFile; fileRef = E685CD3D27FEAA47007AF152 /* DrinksBD+CoreDataProperties.swift */; };
/* End PBXBuildFile section */

/* Begin PBXFileReference section */
		E685CD1E27FE9CF2007AF152 /* practica4.app */ = {isa = PBXFileReference; explicitFileType = wrapper.application; includeInIndex = 0; path = practica4.app; sourceTree = BUILT_PRODUCTS_DIR; };
		E685CD2127FE9CF2007AF152 /* AppDelegate.swift */ = {isa = PBXFileReference; lastKnownFileType = sourcecode.swift; path = AppDelegate.swift; sourceTree = "<group>"; };
		E685CD2327FE9CF3007AF152 /* SceneDelegate.swift */ = {isa = PBXFileReference; lastKnownFileType = sourcecode.swift; path = SceneDelegate.swift; sourceTree = "<group>"; };
		E685CD2527FE9CF3007AF152 /* ViewController.swift */ = {isa = PBXFileReference; lastKnownFileType = sourcecode.swift; path = ViewController.swift; sourceTree = "<group>"; };
		E685CD2827FE9CF3007AF152 /* Base */ = {isa = PBXFileReference; lastKnownFileType = file.storyboard; name = Base; path = Base.lproj/Main.storyboard; sourceTree = "<group>"; };
		E685CD2B27FE9CF3007AF152 /* practica4.xcdatamodel */ = {isa = PBXFileReference; lastKnownFileType = wrapper.xcdatamodel; path = practica4.xcdatamodel; sourceTree = "<group>"; };
		E685CD2D27FE9CF9007AF152 /* Assets.xcassets */ = {isa = PBXFileReference; lastKnownFileType = folder.assetcatalog; path = Assets.xcassets; sourceTree = "<group>"; };
		E685CD3027FE9CF9007AF152 /* Base */ = {isa = PBXFileReference; lastKnownFileType = file.storyboard; name = Base; path = Base.lproj/LaunchScreen.storyboard; sourceTree = "<group>"; };
		E685CD3227FE9CF9007AF152 /* Info.plist */ = {isa = PBXFileReference; lastKnownFileType = text.plist.xml; path = Info.plist; sourceTree = "<group>"; };
		E685CD3827FEA292007AF152 /* DrinksViewController.swift */ = {isa = PBXFileReference; lastKnownFileType = sourcecode.swift; path = DrinksViewController.swift; sourceTree = "<group>"; };
		E685CD3A27FEA2D6007AF152 /* Drinks.plist */ = {isa = PBXFileReference; fileEncoding = 4; lastKnownFileType = text.plist.xml; path = Drinks.plist; sourceTree = "<group>"; };
		E685CD3C27FEAA47007AF152 /* DrinksBD+CoreDataClass.swift */ = {isa = PBXFileReference; lastKnownFileType = sourcecode.swift; path = "DrinksBD+CoreDataClass.swift"; sourceTree = "<group>"; };
		E685CD3D27FEAA47007AF152 /* DrinksBD+CoreDataProperties.swift */ = {isa = PBXFileReference; lastKnownFileType = sourcecode.swift; path = "DrinksBD+CoreDataProperties.swift"; sourceTree = "<group>"; };
/* End PBXFileReference section */

/* Begin PBXFrameworksBuildPhase section */
		E685CD1B27FE9CF2007AF152 /* Frameworks */ = {
			isa = PBXFrameworksBuildPhase;
			buildActionMask = 2147483647;
			files = (
			);
			runOnlyForDeploymentPostprocessing = 0;
		};
/* End PBXFrameworksBuildPhase section */

/* Begin PBXGroup section */
		E685CD1527FE9CF2007AF152 = {
			isa = PBXGroup;
			children = (
				E685CD3C27FEAA47007AF152 /* DrinksBD+CoreDataClass.swift */,
				E685CD3D27FEAA47007AF152 /* DrinksBD+CoreDataProperties.swift */,
				E685CD2027FE9CF2007AF152 /* practica4 */,
				E685CD1F27FE9CF2007AF152 /* Products */,
			);
			sourceTree = "<group>";
		};
		E685CD1F27FE9CF2007AF152 /* Products */ = {
			isa = PBXGroup;
			children = (
				E685CD1E27FE9CF2007AF152 /* practica4.app */,
			);
			name = Products;
			sourceTree = "<group>";
		};
		E685CD2027FE9CF2007AF152 /* practica4 */ = {
			isa = PBXGroup;
			children = (
				E685CD3A27FEA2D6007AF152 /* Drinks.plist */,
				E685CD2127FE9CF2007AF152 /* AppDelegate.swift */,
				E685CD2327FE9CF3007AF152 /* SceneDelegate.swift */,
				E685CD2527FE9CF3007AF152 /* ViewController.swift */,
				E685CD2727FE9CF3007AF152 /* Main.storyboard */,
				E685CD2D27FE9CF9007AF152 /* Assets.xcassets */,
				E685CD2F27FE9CF9007AF152 /* LaunchScreen.storyboard */,
				E685CD3227FE9CF9007AF152 /* Info.plist */,
				E685CD2A27FE9CF3007AF152 /* practica4.xcdatamodeld */,
				E685CD3827FEA292007AF152 /* DrinksViewController.swift */,
			);
			path = practica4;
			sourceTree = "<group>";
		};
/* End PBXGroup section */

/* Begin PBXNativeTarget section */
		E685CD1D27FE9CF2007AF152 /* practica4 */ = {
			isa = PBXNativeTarget;
			buildConfigurationList = E685CD3527FE9CF9007AF152 /* Build configuration list for PBXNativeTarget "practica4" */;
			buildPhases = (
				E685CD1A27FE9CF2007AF152 /* Sources */,
				E685CD1B27FE9CF2007AF152 /* Frameworks */,
				E685CD1C27FE9CF2007AF152 /* Resources */,
			);
			buildRules = (
			);
			dependencies = (
			);
			name = practica4;
			productName = practica4;
			productReference = E685CD1E27FE9CF2007AF152 /* practica4.app */;
			productType = "com.apple.product-type.application";
		};
/* End PBXNativeTarget section */

/* Begin PBXProject section */
		E685CD1627FE9CF2007AF152 /* Project object */ = {
			isa = PBXProject;
			attributes = {
				BuildIndependentTargetsInParallel = 1;
				LastSwiftUpdateCheck = 1310;
				LastUpgradeCheck = 1310;
				TargetAttributes = {
					E685CD1D27FE9CF2007AF152 = {
						CreatedOnToolsVersion = 13.1;
					};
				};
			};
			buildConfigurationList = E685CD1927FE9CF2007AF152 /* Build configuration list for PBXProject "practica4" */;
			compatibilityVersion = "Xcode 13.0";
			developmentRegion = en;
			hasScannedForEncodings = 0;
			knownRegions = (
				en,
				Base,
			);
			mainGroup = E685CD1527FE9CF2007AF152;
			productRefGroup = E685CD1F27FE9CF2007AF152 /* Products */;
			projectDirPath = "";
			projectRoot = "";
			targets = (
				E685CD1D27FE9CF2007AF152 /* practica4 */,
			);
		};
/* End PBXProject section */

/* Begin PBXResourcesBuildPhase section */
		E685CD1C27FE9CF2007AF152 /* Resources */ = {
			isa = PBXResourcesBuildPhase;
			buildActionMask = 2147483647;
			files = (
				E685CD3127FE9CF9007AF152 /* LaunchScreen.storyboard in Resources */,
				E685CD3B27FEA2D6007AF152 /* Drinks.plist in Resources */,
				E685CD2E27FE9CF9007AF152 /* Assets.xcassets in Resources */,
				E685CD2927FE9CF3007AF152 /* Main.storyboard in Resources */,
			);
			runOnlyForDeploymentPostprocessing = 0;
		};
/* End PBXResourcesBuildPhase section */

/* Begin PBXSourcesBuildPhase section */
		E685CD1A27FE9CF2007AF152 /* Sources */ = {
			isa = PBXSourcesBuildPhase;
			buildActionMask = 2147483647;
			files = (
				E685CD3E27FEAA47007AF152 /* DrinksBD+CoreDataClass.swift in Sources */,
				E685CD2627FE9CF3007AF152 /* ViewController.swift in Sources */,
				E685CD2C27FE9CF3007AF152 /* practica4.xcdatamodeld in Sources */,
				E685CD3F27FEAA47007AF152 /* DrinksBD+CoreDataProperties.swift in Sources */,
				E685CD2227FE9CF2007AF152 /* AppDelegate.swift in Sources */,
				E685CD3927FEA292007AF152 /* DrinksViewController.swift in Sources */,
				E685CD2427FE9CF3007AF152 /* SceneDelegate.swift in Sources */,
			);
			runOnlyForDeploymentPostprocessing = 0;
		};
/* End PBXSourcesBuildPhase section */

/* Begin PBXVariantGroup section */
		E685CD2727FE9CF3007AF152 /* Main.storyboard */ = {
			isa = PBXVariantGroup;
			children = (
				E685CD2827FE9CF3007AF152 /* Base */,
			);
			name = Main.storyboard;
			sourceTree = "<group>";
		};
		E685CD2F27FE9CF9007AF152 /* LaunchScreen.storyboard */ = {
			isa = PBXVariantGroup;
			children = (
				E685CD3027FE9CF9007AF152 /* Base */,
			);
			name = LaunchScreen.storyboard;
			sourceTree = "<group>";
		};
/* End PBXVariantGroup section */

/* Begin XCBuildConfiguration section */
		E685CD3327FE9CF9007AF152 /* Debug */ = {
			isa = XCBuildConfiguration;
			buildSettings = {
				ALWAYS_SEARCH_USER_PATHS = NO;
				CLANG_ANALYZER_NONNULL = YES;
				CLANG_ANALYZER_NUMBER_OBJECT_CONVERSION = YES_AGGRESSIVE;
				CLANG_CXX_LANGUAGE_STANDARD = "gnu++17";
				CLANG_CXX_LIBRARY = "libc++";
				CLANG_ENABLE_MODULES = YES;
				CLANG_ENABLE_OBJC_ARC = YES;
				CLANG_ENABLE_OBJC_WEAK = YES;
				CLANG_WARN_BLOCK_CAPTURE_AUTORELEASING = YES;
				CLANG_WARN_BOOL_CONVERSION = YES;
				CLANG_WARN_COMMA = YES;
				CLANG_WARN_CONSTANT_CONVERSION = YES;
				CLANG_WARN_DEPRECATED_OBJC_IMPLEMENTATIONS = YES;
				CLANG_WARN_DIRECT_OBJC_ISA_USAGE = YES_ERROR;
				CLANG_WARN_DOCUMENTATION_COMMENTS = YES;
				CLANG_WARN_EMPTY_BODY = YES;
				CLANG_WARN_ENUM_CONVERSION = YES;
				CLANG_WARN_INFINITE_RECURSION = YES;
				CLANG_WARN_INT_CONVERSION = YES;
				CLANG_WARN_NON_LITERAL_NULL_CONVERSION = YES;
				CLANG_WARN_OBJC_IMPLICIT_RETAIN_SELF = YES;
				CLANG_WARN_OBJC_LITERAL_CONVERSION = YES;
				CLANG_WARN_OBJC_ROOT_CLASS = YES_ERROR;
				CLANG_WARN_QUOTED_INCLUDE_IN_FRAMEWORK_HEADER = YES;
				CLANG_WARN_RANGE_LOOP_ANALYSIS = YES;
				CLANG_WARN_STRICT_PROTOTYPES = YES;
				CLANG_WARN_SUSPICIOUS_MOVE = YES;
				CLANG_WARN_UNGUARDED_AVAILABILITY = YES_AGGRESSIVE;
				CLANG_WARN_UNREACHABLE_CODE = YES;
				CLANG_WARN__DUPLICATE_METHOD_MATCH = YES;
				COPY_PHASE_STRIP = NO;
				DEBUG_INFORMATION_FORMAT = dwarf;
				ENABLE_STRICT_OBJC_MSGSEND = YES;
				ENABLE_TESTABILITY = YES;
				GCC_C_LANGUAGE_STANDARD = gnu11;
				GCC_DYNAMIC_NO_PIC = NO;
				GCC_NO_COMMON_BLOCKS = YES;
				GCC_OPTIMIZATION_LEVEL = 0;
				GCC_PREPROCESSOR_DEFINITIONS = (
					"DEBUG=1",
					"$(inherited)",
				);
				GCC_WARN_64_TO_32_BIT_CONVERSION = YES;
				GCC_WARN_ABOUT_RETURN_TYPE = YES_ERROR;
				GCC_WARN_UNDECLARED_SELECTOR = YES;
				GCC_WARN_UNINITIALIZED_AUTOS = YES_AGGRESSIVE;
				GCC_WARN_UNUSED_FUNCTION = YES;
				GCC_WARN_UNUSED_VARIABLE = YES;
				IPHONEOS_DEPLOYMENT_TARGET = 15.0;
				MTL_ENABLE_DEBUG_INFO = INCLUDE_SOURCE;
				MTL_FAST_MATH = YES;
				ONLY_ACTIVE_ARCH = YES;
				SDKROOT = iphoneos;
				SWIFT_ACTIVE_COMPILATION_CONDITIONS = DEBUG;
				SWIFT_OPTIMIZATION_LEVEL = "-Onone";
			};
			name = Debug;
		};
		E685CD3427FE9CF9007AF152 /* Release */ = {
			isa = XCBuildConfiguration;
			buildSettings = {
				ALWAYS_SEARCH_USER_PATHS = NO;
				CLANG_ANALYZER_NONNULL = YES;
				CLANG_ANALYZER_NUMBER_OBJECT_CONVERSION = YES_AGGRESSIVE;
				CLANG_CXX_LANGUAGE_STANDARD = "gnu++17";
				CLANG_CXX_LIBRARY = "libc++";
				CLANG_ENABLE_MODULES = YES;
				CLANG_ENABLE_OBJC_ARC = YES;
				CLANG_ENABLE_OBJC_WEAK = YES;
				CLANG_WARN_BLOCK_CAPTURE_AUTORELEASING = YES;
				CLANG_WARN_BOOL_CONVERSION = YES;
				CLANG_WARN_COMMA = YES;
				CLANG_WARN_CONSTANT_CONVERSION = YES;
				CLANG_WARN_DEPRECATED_OBJC_IMPLEMENTATIONS = YES;
				CLANG_WARN_DIRECT_OBJC_ISA_USAGE = YES_ERROR;
				CLANG_WARN_DOCUMENTATION_COMMENTS = YES;
				CLANG_WARN_EMPTY_BODY = YES;
				CLANG_WARN_ENUM_CONVERSION = YES;
				CLANG_WARN_INFINITE_RECURSION = YES;
				CLANG_WARN_INT_CONVERSION = YES;
				CLANG_WARN_NON_LITERAL_NULL_CONVERSION = YES;
				CLANG_WARN_OBJC_IMPLICIT_RETAIN_SELF = YES;
				CLANG_WARN_OBJC_LITERAL_CONVERSION = YES;
				CLANG_WARN_OBJC_ROOT_CLASS = YES_ERROR;
				CLANG_WARN_QUOTED_INCLUDE_IN_FRAMEWORK_HEADER = YES;
				CLANG_WARN_RANGE_LOOP_ANALYSIS = YES;
				CLANG_WARN_STRICT_PROTOTYPES = YES;
				CLANG_WARN_SUSPICIOUS_MOVE = YES;
				CLANG_WARN_UNGUARDED_AVAILABILITY = YES_AGGRESSIVE;
				CLANG_WARN_UNREACHABLE_CODE = YES;
				CLANG_WARN__DUPLICATE_METHOD_MATCH = YES;
				COPY_PHASE_STRIP = NO;
				DEBUG_INFORMATION_FORMAT = "dwarf-with-dsym";
				ENABLE_NS_ASSERTIONS = NO;
				ENABLE_STRICT_OBJC_MSGSEND = YES;
				GCC_C_LANGUAGE_STANDARD = gnu11;
				GCC_NO_COMMON_BLOCKS = YES;
				GCC_WARN_64_TO_32_BIT_CONVERSION = YES;
				GCC_WARN_ABOUT_RETURN_TYPE = YES_ERROR;
				GCC_WARN_UNDECLARED_SELECTOR = YES;
				GCC_WARN_UNINITIALIZED_AUTOS = YES_AGGRESSIVE;
				GCC_WARN_UNUSED_FUNCTION = YES;
				GCC_WARN_UNUSED_VARIABLE = YES;
				IPHONEOS_DEPLOYMENT_TARGET = 15.0;
				MTL_ENABLE_DEBUG_INFO = NO;
				MTL_FAST_MATH = YES;
				SDKROOT = iphoneos;
				SWIFT_COMPILATION_MODE = wholemodule;
				SWIFT_OPTIMIZATION_LEVEL = "-O";
				VALIDATE_PRODUCT = YES;
			};
			name = Release;
		};
		E685CD3627FE9CF9007AF152 /* Debug */ = {
			isa = XCBuildConfiguration;
			buildSettings = {
				ASSETCATALOG_COMPILER_APPICON_NAME = AppIcon;
				ASSETCATALOG_COMPILER_GLOBAL_ACCENT_COLOR_NAME = AccentColor;
				CODE_SIGN_STYLE = Automatic;
				CURRENT_PROJECT_VERSION = 1;
				DEVELOPMENT_TEAM = 743CHRXJ24;
				GENERATE_INFOPLIST_FILE = YES;
				INFOPLIST_FILE = practica4/Info.plist;
				INFOPLIST_KEY_UIApplicationSupportsIndirectInputEvents = YES;
				INFOPLIST_KEY_UILaunchStoryboardName = LaunchScreen;
				INFOPLIST_KEY_UIMainStoryboardFile = Main;
				INFOPLIST_KEY_UISupportedInterfaceOrientations_iPad = "UIInterfaceOrientationPortrait UIInterfaceOrientationPortraitUpsideDown UIInterfaceOrientationLandscapeLeft UIInterfaceOrientationLandscapeRight";
				INFOPLIST_KEY_UISupportedInterfaceOrientations_iPhone = "UIInterfaceOrientationPortrait UIInterfaceOrientationLandscapeLeft UIInterfaceOrientationLandscapeRight";
				LD_RUNPATH_SEARCH_PATHS = (
					"$(inherited)",
					"@executable_path/Frameworks",
				);
				MARKETING_VERSION = 1.0;
				PRODUCT_BUNDLE_IDENTIFIER = francisco.jaime.practica4;
				PRODUCT_NAME = "$(TARGET_NAME)";
				SWIFT_EMIT_LOC_STRINGS = YES;
				SWIFT_VERSION = 5.0;
				TARGETED_DEVICE_FAMILY = "1,2";
			};
			name = Debug;
		};
		E685CD3727FE9CF9007AF152 /* Release */ = {
			isa = XCBuildConfiguration;
			buildSettings = {
				ASSETCATALOG_COMPILER_APPICON_NAME = AppIcon;
				ASSETCATALOG_COMPILER_GLOBAL_ACCENT_COLOR_NAME = AccentColor;
				CODE_SIGN_STYLE = Automatic;
				CURRENT_PROJECT_VERSION = 1;
				DEVELOPMENT_TEAM = 743CHRXJ24;
				GENERATE_INFOPLIST_FILE = YES;
				INFOPLIST_FILE = practica4/Info.plist;
				INFOPLIST_KEY_UIApplicationSupportsIndirectInputEvents = YES;
				INFOPLIST_KEY_UILaunchStoryboardName = LaunchScreen;
				INFOPLIST_KEY_UIMainStoryboardFile = Main;
				INFOPLIST_KEY_UISupportedInterfaceOrientations_iPad = "UIInterfaceOrientationPortrait UIInterfaceOrientationPortraitUpsideDown UIInterfaceOrientationLandscapeLeft UIInterfaceOrientationLandscapeRight";
				INFOPLIST_KEY_UISupportedInterfaceOrientations_iPhone = "UIInterfaceOrientationPortrait UIInterfaceOrientationLandscapeLeft UIInterfaceOrientationLandscapeRight";
				LD_RUNPATH_SEARCH_PATHS = (
					"$(inherited)",
					"@executable_path/Frameworks",
				);
				MARKETING_VERSION = 1.0;
				PRODUCT_BUNDLE_IDENTIFIER = francisco.jaime.practica4;
				PRODUCT_NAME = "$(TARGET_NAME)";
				SWIFT_EMIT_LOC_STRINGS = YES;
				SWIFT_VERSION = 5.0;
				TARGETED_DEVICE_FAMILY = "1,2";
			};
			name = Release;
		};
/* End XCBuildConfiguration section */

/* Begin XCConfigurationList section */
		E685CD1927FE9CF2007AF152 /* Build configuration list for PBXProject "practica4" */ = {
			isa = XCConfigurationList;
			buildConfigurations = (
				E685CD3327FE9CF9007AF152 /* Debug */,
				E685CD3427FE9CF9007AF152 /* Release */,
			);
			defaultConfigurationIsVisible = 0;
			defaultConfigurationName = Release;
		};
		E685CD3527FE9CF9007AF152 /* Build configuration list for PBXNativeTarget "practica4" */ = {
			isa = XCConfigurationList;
			buildConfigurations = (
				E685CD3627FE9CF9007AF152 /* Debug */,
				E685CD3727FE9CF9007AF152 /* Release */,
			);
			defaultConfigurationIsVisible = 0;
			defaultConfigurationName = Release;
		};
/* End XCConfigurationList section */

/* Begin XCVersionGroup section */
		E685CD2A27FE9CF3007AF152 /* practica4.xcdatamodeld */ = {
			isa = XCVersionGroup;
			children = (
				E685CD2B27FE9CF3007AF152 /* practica4.xcdatamodel */,
			);
			currentVersion = E685CD2B27FE9CF3007AF152 /* practica4.xcdatamodel */;
			path = practica4.xcdatamodeld;
			sourceTree = "<group>";
			versionGroupType = wrapper.xcdatamodel;
		};
/* End XCVersionGroup section */
	};
	rootObject = E685CD1627FE9CF2007AF152 /* Project object */;
}
